
Microsoft Visual Studio Solution File, Format Version 12.00
# Visual Studio Version 16
VisualStudioVersion = 16.0.31410.357
MinimumVisualStudioVersion = 10.0.40219.1
Project("{FAE04EC0-301F-11D3-BF4B-00C04F79EFBC}") = "SCReader", "SCReader.csproj", "{E9F433E0-5E26-4124-B4BF-9B518FA38AAC}"
EndProject
Project("{FAE04EC0-301F-11D3-BF4B-00C04F79EFBC}") = "TestConsole", "..\TestConsole\TestConsole.csproj", "{C696F57A-19CA-460A-85CF-3D19AA1DAD7E}"
EndProject
Global
	GlobalSection(SolutionConfigurationPlatforms) = preSolution
		Debug|Any CPU = Debug|Any CPU
		Release|Any CPU = Release|Any CPU
	EndGlobalSection
	GlobalSection(ProjectConfigurationPlatforms) = postSolution
		{E9F433E0-5E26-4124-B4BF-9B518FA38AAC}.Debug|Any CPU.ActiveCfg = Debug|Any CPU
		{E9F433E0-5E26-4124-B4BF-9B518FA38AAC}.Debug|Any CPU.Build.0 = Debug|Any CPU
		{E9F433E0-5E26-4124-B4BF-9B518FA38AAC}.Release|Any CPU.ActiveCfg = Release|Any CPU
		{E9F433E0-5E26-4124-B4BF-9B518FA38AAC}.Release|Any CPU.Build.0 = Release|Any CPU
		{C696F57A-19CA-460A-85CF-3D19AA1DAD7E}.Debug|Any CPU.ActiveCfg = Debug|Any CPU
		{C696F57A-19CA-460A-85CF-3D19AA1DAD7E}.Debug|Any CPU.Build.0 = Debug|Any CPU
		{C696F57A-19CA-460A-85CF-3D19AA1DAD7E}.Release|Any CPU.ActiveCfg = Release|Any CPU
		{C696F57A-19CA-460A-85CF-3D19AA1DAD7E}.Release|Any CPU.Build.0 = Release|Any CPU
	EndGlobalSection
	GlobalSection(SolutionProperties) = preSolution
		HideSolutionNode = FALSE
	EndGlobalSection
	GlobalSection(ExtensibilityGlobals) = postSolution
		SolutionGuid = {1E985F87-526C-401A-A11A-8EFB06BAAF4D}
	EndGlobalSection
EndGlobal
